
Microsoft Visual Studio Solution File, Format Version 12.00
# Visual Studio Version 17
VisualStudioVersion = 17.7.34221.43
MinimumVisualStudioVersion = 10.0.40219.1
Project("{9A19103F-16F7-4668-BE54-9A1E7A4F7556}") = "Core.Persistence", "Core.Persistence\Core.Persistence.csproj", "{58A316D3-7508-4120-BA7A-DA781FF3D884}"
EndProject
Project("{FAE04EC0-301F-11D3-BF4B-00C04F79EFBC}") = "Core.Application", "Core.Application\Core.Application.csproj", "{6A49328B-4E39-4973-ABBE-BC76E94FA13A}"
EndProject
Global
	GlobalSection(SolutionConfigurationPlatforms) = preSolution
		Debug|Any CPU = Debug|Any CPU
		Release|Any CPU = Release|Any CPU
	EndGlobalSection
	GlobalSection(ProjectConfigurationPlatforms) = postSolution
		{58A316D3-7508-4120-BA7A-DA781FF3D884}.Debug|Any CPU.ActiveCfg = Debug|Any CPU
		{58A316D3-7508-4120-BA7A-DA781FF3D884}.Debug|Any CPU.Build.0 = Debug|Any CPU
		{58A316D3-7508-4120-BA7A-DA781FF3D884}.Release|Any CPU.ActiveCfg = Release|Any CPU
		{58A316D3-7508-4120-BA7A-DA781FF3D884}.Release|Any CPU.Build.0 = Release|Any CPU
		{6A49328B-4E39-4973-ABBE-BC76E94FA13A}.Debug|Any CPU.ActiveCfg = Debug|Any CPU
		{6A49328B-4E39-4973-ABBE-BC76E94FA13A}.Debug|Any CPU.Build.0 = Debug|Any CPU
		{6A49328B-4E39-4973-ABBE-BC76E94FA13A}.Release|Any CPU.ActiveCfg = Release|Any CPU
		{6A49328B-4E39-4973-ABBE-BC76E94FA13A}.Release|Any CPU.Build.0 = Release|Any CPU
	EndGlobalSection
	GlobalSection(SolutionProperties) = preSolution
		HideSolutionNode = FALSE
	EndGlobalSection
	GlobalSection(ExtensibilityGlobals) = postSolution
		SolutionGuid = {B61BBB5A-68DF-4872-89CE-D6E4D12C2533}
	EndGlobalSection
EndGlobal
